
Microsoft Visual Studio Solution File, Format Version 12.00
# Visual Studio Version 17
VisualStudioVersion = 17.13.35931.197 d17.13
MinimumVisualStudioVersion = 10.0.40219.1
Project("{FAE04EC0-301F-11D3-BF4B-00C04F79EFBC}") = "DvhLesson04", "DvhLesson04\DvhLesson04.csproj", "{924E1913-874E-4406-88E2-DD284737B4A3}"
EndProject
Global
	GlobalSection(SolutionConfigurationPlatforms) = preSolution
		Debug|Any CPU = Debug|Any CPU
		Release|Any CPU = Release|Any CPU
	EndGlobalSection
	GlobalSection(ProjectConfigurationPlatforms) = postSolution
		{924E1913-874E-4406-88E2-DD284737B4A3}.Debug|Any CPU.ActiveCfg = Debug|Any CPU
		{924E1913-874E-4406-88E2-DD284737B4A3}.Debug|Any CPU.Build.0 = Debug|Any CPU
		{924E1913-874E-4406-88E2-DD284737B4A3}.Release|Any CPU.ActiveCfg = Release|Any CPU
		{924E1913-874E-4406-88E2-DD284737B4A3}.Release|Any CPU.Build.0 = Release|Any CPU
	EndGlobalSection
	GlobalSection(SolutionProperties) = preSolution
		HideSolutionNode = FALSE
	EndGlobalSection
	GlobalSection(ExtensibilityGlobals) = postSolution
		SolutionGuid = {66E7E983-6FBC-4642-8286-5BFF64A6FD71}
	EndGlobalSection
EndGlobal
